
Microsoft Visual Studio Solution File, Format Version 12.00
# Visual Studio Version 17
VisualStudioVersion = 17.7.34009.444
MinimumVisualStudioVersion = 10.0.40219.1
Project("{FAE04EC0-301F-11D3-BF4B-00C04F79EFBC}") = "WebApplication1", "WebApplication1\WebApplication1.csproj", "{D1B04862-58AD-4F5E-B60B-43E6C75CEA0C}"
EndProject
Project("{FAE04EC0-301F-11D3-BF4B-00C04F79EFBC}") = "WebApplication2MVCEmpty", "WebApplication2MVCEmpty\WebApplication2MVCEmpty.csproj", "{BD6B46C6-0FF8-44D3-9788-8CE6D56546C4}"
EndProject
Global
	GlobalSection(SolutionConfigurationPlatforms) = preSolution
		Debug|Any CPU = Debug|Any CPU
		Release|Any CPU = Release|Any CPU
	EndGlobalSection
	GlobalSection(ProjectConfigurationPlatforms) = postSolution
		{D1B04862-58AD-4F5E-B60B-43E6C75CEA0C}.Debug|Any CPU.ActiveCfg = Debug|Any CPU
		{D1B04862-58AD-4F5E-B60B-43E6C75CEA0C}.Debug|Any CPU.Build.0 = Debug|Any CPU
		{D1B04862-58AD-4F5E-B60B-43E6C75CEA0C}.Release|Any CPU.ActiveCfg = Release|Any CPU
		{D1B04862-58AD-4F5E-B60B-43E6C75CEA0C}.Release|Any CPU.Build.0 = Release|Any CPU
		{BD6B46C6-0FF8-44D3-9788-8CE6D56546C4}.Debug|Any CPU.ActiveCfg = Debug|Any CPU
		{BD6B46C6-0FF8-44D3-9788-8CE6D56546C4}.Debug|Any CPU.Build.0 = Debug|Any CPU
		{BD6B46C6-0FF8-44D3-9788-8CE6D56546C4}.Release|Any CPU.ActiveCfg = Release|Any CPU
		{BD6B46C6-0FF8-44D3-9788-8CE6D56546C4}.Release|Any CPU.Build.0 = Release|Any CPU
	EndGlobalSection
	GlobalSection(SolutionProperties) = preSolution
		HideSolutionNode = FALSE
	EndGlobalSection
	GlobalSection(ExtensibilityGlobals) = postSolution
		SolutionGuid = {EA7AEABC-0B56-4BC3-9823-9AF008915D75}
	EndGlobalSection
EndGlobal
